dependencies:
- name: redis
  repository: https://charts.bitnami.com/bitnami
  version: ^10.6.12
- name: postgresql
  repository: https://charts.bitnami.com/bitnami
  version: ^8.10.14
digest: sha256:023711042f2f4cec7374bb30fafb67da319449c49cef8fc3f17c37d49c9f6591
generated: "2021-07-05T19:28:14.931964944+05:30"
